
Microsoft Visual Studio Solution File, Format Version 12.00
# Visual Studio Version 17
VisualStudioVersion = 17.6.33815.320
MinimumVisualStudioVersion = 10.0.40219.1
Project("{FAE04EC0-301F-11D3-BF4B-00C04F79EFBC}") = "Quiz_App", "IQ Test\Quiz_App.csproj", "{C98510F2-3B61-4BE9-901E-BA9A93DE8331}"
EndProject
Global
	GlobalSection(SolutionConfigurationPlatforms) = preSolution
		Debug|Any CPU = Debug|Any CPU
		Release|Any CPU = Release|Any CPU
	EndGlobalSection
	GlobalSection(ProjectConfigurationPlatforms) = postSolution
		{C98510F2-3B61-4BE9-901E-BA9A93DE8331}.Debug|Any CPU.ActiveCfg = Debug|Any CPU
		{C98510F2-3B61-4BE9-901E-BA9A93DE8331}.Debug|Any CPU.Build.0 = Debug|Any CPU
		{C98510F2-3B61-4BE9-901E-BA9A93DE8331}.Release|Any CPU.ActiveCfg = Release|Any CPU
		{C98510F2-3B61-4BE9-901E-BA9A93DE8331}.Release|Any CPU.Build.0 = Release|Any CPU
	EndGlobalSection
	GlobalSection(SolutionProperties) = preSolution
		HideSolutionNode = FALSE
	EndGlobalSection
	GlobalSection(ExtensibilityGlobals) = postSolution
		SolutionGuid = {CD9506C3-72C1-4665-B109-31BF39AE26D0}
	EndGlobalSection
EndGlobal
